
Microsoft Visual Studio Solution File, Format Version 12.00
# Visual Studio 15
VisualStudioVersion = 15.0.26430.16
MinimumVisualStudioVersion = 10.0.40219.1
Project("{FAE04EC0-301F-11D3-BF4B-00C04F79EFBC}") = "Projeto01", "Projeto01\Projeto01.csproj", "{1BAE5833-D927-423E-B93A-52EA360555B5}"
EndProject
Global
	GlobalSection(SolutionConfigurationPlatforms) = preSolution
		Debug|Any CPU = Debug|Any CPU
		Release|Any CPU = Release|Any CPU
	EndGlobalSection
	GlobalSection(ProjectConfigurationPlatforms) = postSolution
		{1BAE5833-D927-423E-B93A-52EA360555B5}.Debug|Any CPU.ActiveCfg = Debug|Any CPU
		{1BAE5833-D927-423E-B93A-52EA360555B5}.Debug|Any CPU.Build.0 = Debug|Any CPU
		{1BAE5833-D927-423E-B93A-52EA360555B5}.Release|Any CPU.ActiveCfg = Release|Any CPU
		{1BAE5833-D927-423E-B93A-52EA360555B5}.Release|Any CPU.Build.0 = Release|Any CPU
	EndGlobalSection
	GlobalSection(SolutionProperties) = preSolution
		HideSolutionNode = FALSE
	EndGlobalSection
EndGlobal
